// !$*UTF8*$!
{
	archiveVersion = 1;
	classes = {
	};
	objectVersion = 51;
	objects = {

/* Begin PBXBuildFile section */
		16598780DF6E530F15B5F927 /* Pods_Air_Scanner.framework in Frameworks */ = {isa = PBXBuildFile; fileRef = B4FA5F2E607F0F0CD79C27CE /* Pods_Air_Scanner.framework */; };
		71090E9B2497AAFF007F969E /* LocationManager.swift in Sources */ = {isa = PBXBuildFile; fileRef = 71090E9A2497AAFF007F969E /* LocationManager.swift */; };
		71090E9D2497C40C007F969E /* FiltersView.swift in Sources */ = {isa = PBXBuildFile; fileRef = 71090E9C2497C40C007F969E /* FiltersView.swift */; };
		71090E9F2497C6D0007F969E /* FilterCell.swift in Sources */ = {isa = PBXBuildFile; fileRef = 71090E9E2497C6D0007F969E /* FilterCell.swift */; };
		713C6CCE248FB69100707F69 /* LoginView.swift in Sources */ = {isa = PBXBuildFile; fileRef = 713C6CCD248FB69100707F69 /* LoginView.swift */; };
		713C6CD0248FB71200707F69 /* SettingsView.swift in Sources */ = {isa = PBXBuildFile; fileRef = 713C6CCF248FB71200707F69 /* SettingsView.swift */; };
		713C6CD2248FB71F00707F69 /* DevicesView.swift in Sources */ = {isa = PBXBuildFile; fileRef = 713C6CD1248FB71F00707F69 /* DevicesView.swift */; };
		713C6CD4248FBEB600707F69 /* LoadingIndicator.swift in Sources */ = {isa = PBXBuildFile; fileRef = 713C6CD3248FBEB600707F69 /* LoadingIndicator.swift */; };
		713D86B624979A8E003D8B56 /* Device.swift in Sources */ = {isa = PBXBuildFile; fileRef = 713D86B524979A8E003D8B56 /* Device.swift */; };
		713D86B824979C77003D8B56 /* MapDevicesStorage.swift in Sources */ = {isa = PBXBuildFile; fileRef = 713D86B724979C77003D8B56 /* MapDevicesStorage.swift */; };
		713D86BA2497A0C3003D8B56 /* MapView.swift in Sources */ = {isa = PBXBuildFile; fileRef = 713D86B92497A0C3003D8B56 /* MapView.swift */; };
		713D8B732490FE360026126F /* RemoteImage.swift in Sources */ = {isa = PBXBuildFile; fileRef = 713D8B722490FE360026126F /* RemoteImage.swift */; };
		713D8B752491035F0026126F /* ImageDownloader.swift in Sources */ = {isa = PBXBuildFile; fileRef = 713D8B742491035F0026126F /* ImageDownloader.swift */; };
		719B3D3C24977800003ABA9E /* PinView.swift in Sources */ = {isa = PBXBuildFile; fileRef = 719B3D3B24977800003ABA9E /* PinView.swift */; };
		71DC9279248E619B0029BC2F /* Utils.swift in Sources */ = {isa = PBXBuildFile; fileRef = 71DC9278248E619B0029BC2F /* Utils.swift */; };
		71DC927C248E72A10029BC2F /* UIView+.swift in Sources */ = {isa = PBXBuildFile; fileRef = 71DC927B248E72A10029BC2F /* UIView+.swift */; };
		CE31048224605A6C00A92C6A /* GoogleService-Info.plist in Resources */ = {isa = PBXBuildFile; fileRef = CE31048124605A6C00A92C6A /* GoogleService-Info.plist */; };
		CE6670C92465AFA700C5E443 /* MapViewController.swift in Sources */ = {isa = PBXBuildFile; fileRef = CE6670C82465AFA700C5E443 /* MapViewController.swift */; };
		CE72FDCD2459AA9300279EB0 /* GreetingView.swift in Sources */ = {isa = PBXBuildFile; fileRef = CE72FDCC2459AA9300279EB0 /* GreetingView.swift */; };
		CE72FDCF2459AAE100279EB0 /* AddDeviceRequest.swift in Sources */ = {isa = PBXBuildFile; fileRef = CE72FDCE2459AAE100279EB0 /* AddDeviceRequest.swift */; };
		CE72FDD8245A0E4800279EB0 /* NetworkGateway.swift in Sources */ = {isa = PBXBuildFile; fileRef = CE72FDD7245A0E4800279EB0 /* NetworkGateway.swift */; };
		CE7967B124623DD3005CB691 /* WhirlyGlobeMapView.swift in Sources */ = {isa = PBXBuildFile; fileRef = CE7967B024623DD3005CB691 /* WhirlyGlobeMapView.swift */; };
		CE803BE124615C9800D5F869 /* User.swift in Sources */ = {isa = PBXBuildFile; fileRef = CE803BE024615C9800D5F869 /* User.swift */; };
		CE803BE324615D1F00D5F869 /* LocalStorage.swift in Sources */ = {isa = PBXBuildFile; fileRef = CE803BE224615D1F00D5F869 /* LocalStorage.swift */; };
		CE9966ED245A221A006DAD5D /* AddDeviceResponse.swift in Sources */ = {isa = PBXBuildFile; fileRef = CE9966EC245A221A006DAD5D /* AddDeviceResponse.swift */; };
		CE9E2F88247428D2006A11A1 /* NotificationCenter.framework in Frameworks */ = {isa = PBXBuildFile; fileRef = CE9E2F87247428D2006A11A1 /* NotificationCenter.framework */; };
		CE9E2F8B247428D2006A11A1 /* TodayViewController.swift in Sources */ = {isa = PBXBuildFile; fileRef = CE9E2F8A247428D2006A11A1 /* TodayViewController.swift */; };
		CE9E2F8E247428D2006A11A1 /* MainInterface.storyboard in Resources */ = {isa = PBXBuildFile; fileRef = CE9E2F8C247428D2006A11A1 /* MainInterface.storyboard */; };
		CE9E2F92247428D2006A11A1 /* Air Scanner Widget.appex in Embed PlugIns */ = {isa = PBXBuildFile; fileRef = CE9E2F86247428D2006A11A1 /* Air Scanner Widget.appex */; settings = {ATTRIBUTES = (RemoveHeadersOnCopy, ); }; };
		CEF256CA245722AE00673749 /* AppDelegate.swift in Sources */ = {isa = PBXBuildFile; fileRef = CEF256C9245722AE00673749 /* AppDelegate.swift */; };
		CEF256CC245722AE00673749 /* SceneDelegate.swift in Sources */ = {isa = PBXBuildFile; fileRef = CEF256CB245722AE00673749 /* SceneDelegate.swift */; };
		CEF256CE245722AE00673749 /* MainView.swift in Sources */ = {isa = PBXBuildFile; fileRef = CEF256CD245722AE00673749 /* MainView.swift */; };
		CEF256D0245722B100673749 /* Assets.xcassets in Resources */ = {isa = PBXBuildFile; fileRef = CEF256CF245722B100673749 /* Assets.xcassets */; };
		CEF256D3245722B100673749 /* Preview Assets.xcassets in Resources */ = {isa = PBXBuildFile; fileRef = CEF256D2245722B100673749 /* Preview Assets.xcassets */; };
		CEF256D6245722B100673749 /* LaunchScreen.storyboard in Resources */ = {isa = PBXBuildFile; fileRef = CEF256D4245722B100673749 /* LaunchScreen.storyboard */; };
/* End PBXBuildFile section */

/* Begin PBXContainerItemProxy section */
		CE9E2F90247428D2006A11A1 /* PBXContainerItemProxy */ = {
			isa = PBXContainerItemProxy;
			containerPortal = CEF256BE245722AD00673749 /* Project object */;
			proxyType = 1;
			remoteGlobalIDString = CE9E2F85247428D2006A11A1;
			remoteInfo = "Air Scanner Widget";
		};
/* End PBXContainerItemProxy section */

/* Begin PBXCopyFilesBuildPhase section */
		CEE47FC92464BC5000721641 /* Embed PlugIns */ = {
			isa = PBXCopyFilesBuildPhase;
			buildActionMask = 2147483647;
			dstPath = "";
			dstSubfolderSpec = 13;
			files = (
				CE9E2F92247428D2006A11A1 /* Air Scanner Widget.appex in Embed PlugIns */,
			);
			name = "Embed PlugIns";
			runOnlyForDeploymentPostprocessing = 0;
		};
/* End PBXCopyFilesBuildPhase section */

/* Begin PBXFileReference section */
		71090E9A2497AAFF007F969E /* LocationManager.swift */ = {isa = PBXFileReference; lastKnownFileType = sourcecode.swift; path = LocationManager.swift; sourceTree = "<group>"; };
		71090E9C2497C40C007F969E /* FiltersView.swift */ = {isa = PBXFileReference; lastKnownFileType = sourcecode.swift; path = FiltersView.swift; sourceTree = "<group>"; };
		71090E9E2497C6D0007F969E /* FilterCell.swift */ = {isa = PBXFileReference; lastKnownFileType = sourcecode.swift; path = FilterCell.swift; sourceTree = "<group>"; };
		713C6CCD248FB69100707F69 /* LoginView.swift */ = {isa = PBXFileReference; lastKnownFileType = sourcecode.swift; path = LoginView.swift; sourceTree = "<group>"; };
		713C6CCF248FB71200707F69 /* SettingsView.swift */ = {isa = PBXFileReference; lastKnownFileType = sourcecode.swift; path = SettingsView.swift; sourceTree = "<group>"; };
		713C6CD1248FB71F00707F69 /* DevicesView.swift */ = {isa = PBXFileReference; lastKnownFileType = sourcecode.swift; path = DevicesView.swift; sourceTree = "<group>"; };
		713C6CD3248FBEB600707F69 /* LoadingIndicator.swift */ = {isa = PBXFileReference; lastKnownFileType = sourcecode.swift; path = LoadingIndicator.swift; sourceTree = "<group>"; };
		713D86B524979A8E003D8B56 /* Device.swift */ = {isa = PBXFileReference; lastKnownFileType = sourcecode.swift; path = Device.swift; sourceTree = "<group>"; };
		713D86B724979C77003D8B56 /* MapDevicesStorage.swift */ = {isa = PBXFileReference; lastKnownFileType = sourcecode.swift; path = MapDevicesStorage.swift; sourceTree = "<group>"; };
		713D86B92497A0C3003D8B56 /* MapView.swift */ = {isa = PBXFileReference; lastKnownFileType = sourcecode.swift; path = MapView.swift; sourceTree = "<group>"; };
		713D8B722490FE360026126F /* RemoteImage.swift */ = {isa = PBXFileReference; lastKnownFileType = sourcecode.swift; path = RemoteImage.swift; sourceTree = "<group>"; };
		713D8B742491035F0026126F /* ImageDownloader.swift */ = {isa = PBXFileReference; lastKnownFileType = sourcecode.swift; path = ImageDownloader.swift; sourceTree = "<group>"; };
		719B3D3B24977800003ABA9E /* PinView.swift */ = {isa = PBXFileReference; lastKnownFileType = sourcecode.swift; path = PinView.swift; sourceTree = "<group>"; };
		71DC9278248E619B0029BC2F /* Utils.swift */ = {isa = PBXFileReference; lastKnownFileType = sourcecode.swift; path = Utils.swift; sourceTree = "<group>"; };
		71DC927B248E72A10029BC2F /* UIView+.swift */ = {isa = PBXFileReference; lastKnownFileType = sourcecode.swift; path = "UIView+.swift"; sourceTree = "<group>"; };
		93C41B503AE102CA865F8A29 /* Pods-Air Scanner.debug.xcconfig */ = {isa = PBXFileReference; includeInIndex = 1; lastKnownFileType = text.xcconfig; name = "Pods-Air Scanner.debug.xcconfig"; path = "Target Support Files/Pods-Air Scanner/Pods-Air Scanner.debug.xcconfig"; sourceTree = "<group>"; };
		B4FA5F2E607F0F0CD79C27CE /* Pods_Air_Scanner.framework */ = {isa = PBXFileReference; explicitFileType = wrapper.framework; includeInIndex = 0; path = Pods_Air_Scanner.framework; sourceTree = BUILT_PRODUCTS_DIR; };
		CE31048124605A6C00A92C6A /* GoogleService-Info.plist */ = {isa = PBXFileReference; fileEncoding = 4; lastKnownFileType = text.plist.xml; path = "GoogleService-Info.plist"; sourceTree = "<group>"; };
		CE6670C82465AFA700C5E443 /* MapViewController.swift */ = {isa = PBXFileReference; lastKnownFileType = sourcecode.swift; path = MapViewController.swift; sourceTree = "<group>"; };
		CE72FDCC2459AA9300279EB0 /* GreetingView.swift */ = {isa = PBXFileReference; lastKnownFileType = sourcecode.swift; path = GreetingView.swift; sourceTree = "<group>"; };
		CE72FDCE2459AAE100279EB0 /* AddDeviceRequest.swift */ = {isa = PBXFileReference; lastKnownFileType = sourcecode.swift; path = AddDeviceRequest.swift; sourceTree = "<group>"; };
		CE72FDD7245A0E4800279EB0 /* NetworkGateway.swift */ = {isa = PBXFileReference; lastKnownFileType = sourcecode.swift; path = NetworkGateway.swift; sourceTree = "<group>"; };
		CE7967B024623DD3005CB691 /* WhirlyGlobeMapView.swift */ = {isa = PBXFileReference; lastKnownFileType = sourcecode.swift; path = WhirlyGlobeMapView.swift; sourceTree = "<group>"; };
		CE803BE024615C9800D5F869 /* User.swift */ = {isa = PBXFileReference; lastKnownFileType = sourcecode.swift; path = User.swift; sourceTree = "<group>"; };
		CE803BE224615D1F00D5F869 /* LocalStorage.swift */ = {isa = PBXFileReference; lastKnownFileType = sourcecode.swift; path = LocalStorage.swift; sourceTree = "<group>"; };
		CE9966EC245A221A006DAD5D /* AddDeviceResponse.swift */ = {isa = PBXFileReference; lastKnownFileType = sourcecode.swift; path = AddDeviceResponse.swift; sourceTree = "<group>"; };
		CE9E2F86247428D2006A11A1 /* Air Scanner Widget.appex */ = {isa = PBXFileReference; explicitFileType = "wrapper.app-extension"; includeInIndex = 0; path = "Air Scanner Widget.appex"; sourceTree = BUILT_PRODUCTS_DIR; };
		CE9E2F87247428D2006A11A1 /* NotificationCenter.framework */ = {isa = PBXFileReference; lastKnownFileType = wrapper.framework; name = NotificationCenter.framework; path = System/Library/Frameworks/NotificationCenter.framework; sourceTree = SDKROOT; };
		CE9E2F8A247428D2006A11A1 /* TodayViewController.swift */ = {isa = PBXFileReference; lastKnownFileType = sourcecode.swift; path = TodayViewController.swift; sourceTree = "<group>"; };
		CE9E2F8D247428D2006A11A1 /* Base */ = {isa = PBXFileReference; lastKnownFileType = file.storyboard; name = Base; path = Base.lproj/MainInterface.storyboard; sourceTree = "<group>"; };
		CE9E2F8F247428D2006A11A1 /* Info.plist */ = {isa = PBXFileReference; lastKnownFileType = text.plist.xml; path = Info.plist; sourceTree = "<group>"; };
		CEE47FC42464989100721641 /* AirScanner.Swift-Bridging-Header.h */ = {isa = PBXFileReference; lastKnownFileType = sourcecode.c.h; path = "AirScanner.Swift-Bridging-Header.h"; sourceTree = "<group>"; };
		CEEC649D2462C7E10065DDA6 /* MapKit.framework */ = {isa = PBXFileReference; lastKnownFileType = wrapper.framework; name = MapKit.framework; path = System/Library/Frameworks/MapKit.framework; sourceTree = SDKROOT; };
		CEEC649E2462C7E10065DDA6 /* libswiftMapKit.tbd */ = {isa = PBXFileReference; lastKnownFileType = "sourcecode.text-based-dylib-definition"; name = libswiftMapKit.tbd; path = usr/lib/swift/libswiftMapKit.tbd; sourceTree = SDKROOT; };
		CEF256C6245722AE00673749 /* Air Scanner.app */ = {isa = PBXFileReference; explicitFileType = wrapper.application; includeInIndex = 0; path = "Air Scanner.app"; sourceTree = BUILT_PRODUCTS_DIR; };
		CEF256C9245722AE00673749 /* AppDelegate.swift */ = {isa = PBXFileReference; lastKnownFileType = sourcecode.swift; path = AppDelegate.swift; sourceTree = "<group>"; };
		CEF256CB245722AE00673749 /* SceneDelegate.swift */ = {isa = PBXFileReference; lastKnownFileType = sourcecode.swift; path = SceneDelegate.swift; sourceTree = "<group>"; };
		CEF256CD245722AE00673749 /* MainView.swift */ = {isa = PBXFileReference; lastKnownFileType = sourcecode.swift; path = MainView.swift; sourceTree = "<group>"; };
		CEF256CF245722B100673749 /* Assets.xcassets */ = {isa = PBXFileReference; lastKnownFileType = folder.assetcatalog; path = Assets.xcassets; sourceTree = "<group>"; };
		CEF256D2245722B100673749 /* Preview Assets.xcassets */ = {isa = PBXFileReference; lastKnownFileType = folder.assetcatalog; path = "Preview Assets.xcassets"; sourceTree = "<group>"; };
		CEF256D5245722B100673749 /* Base */ = {isa = PBXFileReference; lastKnownFileType = file.storyboard; name = Base; path = Base.lproj/LaunchScreen.storyboard; sourceTree = "<group>"; };
		CEF256D7245722B100673749 /* Info.plist */ = {isa = PBXFileReference; lastKnownFileType = text.plist.xml; path = Info.plist; sourceTree = "<group>"; };
		FEA8BABED1E31475AFCC7A49 /* Pods-Air Scanner.release.xcconfig */ = {isa = PBXFileReference; includeInIndex = 1; lastKnownFileType = text.xcconfig; name = "Pods-Air Scanner.release.xcconfig"; path = "Target Support Files/Pods-Air Scanner/Pods-Air Scanner.release.xcconfig"; sourceTree = "<group>"; };
/* End PBXFileReference section */

/* Begin PBXFrameworksBuildPhase section */
		CE9E2F83247428D2006A11A1 /* Frameworks */ = {
			isa = PBXFrameworksBuildPhase;
			buildActionMask = 2147483647;
			files = (
				CE9E2F88247428D2006A11A1 /* NotificationCenter.framework in Frameworks */,
			);
			runOnlyForDeploymentPostprocessing = 0;
		};
		CEF256C3245722AD00673749 /* Frameworks */ = {
			isa = PBXFrameworksBuildPhase;
			buildActionMask = 2147483647;
			files = (
				16598780DF6E530F15B5F927 /* Pods_Air_Scanner.framework in Frameworks */,
			);
			runOnlyForDeploymentPostprocessing = 0;
		};
/* End PBXFrameworksBuildPhase section */

/* Begin PBXGroup section */
		06D6A322F742D0A410FD2007 /* Frameworks */ = {
			isa = PBXGroup;
			children = (
				CEEC649E2462C7E10065DDA6 /* libswiftMapKit.tbd */,
				CEEC649D2462C7E10065DDA6 /* MapKit.framework */,
				B4FA5F2E607F0F0CD79C27CE /* Pods_Air_Scanner.framework */,
				CE9E2F87247428D2006A11A1 /* NotificationCenter.framework */,
			);
			name = Frameworks;
			sourceTree = "<group>";
		};
		713C6CCC248FB66E00707F69 /* login */ = {
			isa = PBXGroup;
			children = (
				713C6CCD248FB69100707F69 /* LoginView.swift */,
			);
			path = login;
			sourceTree = "<group>";
		};
		71DC927A248E72950029BC2F /* Extensions */ = {
			isa = PBXGroup;
			children = (
				71DC927B248E72A10029BC2F /* UIView+.swift */,
			);
			path = Extensions;
			sourceTree = "<group>";
		};
		CE72FDCA2459A48F00279EB0 /* model */ = {
			isa = PBXGroup;
			children = (
				CE72FDCE2459AAE100279EB0 /* AddDeviceRequest.swift */,
				CE9966EC245A221A006DAD5D /* AddDeviceResponse.swift */,
				CE803BE024615C9800D5F869 /* User.swift */,
				713D86B524979A8E003D8B56 /* Device.swift */,
				713D86B724979C77003D8B56 /* MapDevicesStorage.swift */,
				71090E9A2497AAFF007F969E /* LocationManager.swift */,
			);
			path = model;
			sourceTree = "<group>";
		};
		CE72FDCB2459A4B300279EB0 /* gateway */ = {
			isa = PBXGroup;
			children = (
				CE72FDD7245A0E4800279EB0 /* NetworkGateway.swift */,
				CE803BE224615D1F00D5F869 /* LocalStorage.swift */,
			);
			path = gateway;
			sourceTree = "<group>";
		};
		CE7967AF24623DC2005CB691 /* map */ = {
			isa = PBXGroup;
			children = (
				CE7967B024623DD3005CB691 /* WhirlyGlobeMapView.swift */,
				CE6670C82465AFA700C5E443 /* MapViewController.swift */,
				719B3D3B24977800003ABA9E /* PinView.swift */,
				713D86B92497A0C3003D8B56 /* MapView.swift */,
				71090E9C2497C40C007F969E /* FiltersView.swift */,
				71090E9E2497C6D0007F969E /* FilterCell.swift */,
			);
			path = map;
			sourceTree = "<group>";
		};
		CE9E2F89247428D2006A11A1 /* Air Scanner Widget */ = {
			isa = PBXGroup;
			children = (
				CE9E2F8A247428D2006A11A1 /* TodayViewController.swift */,
				CE9E2F8C247428D2006A11A1 /* MainInterface.storyboard */,
				CE9E2F8F247428D2006A11A1 /* Info.plist */,
			);
			path = "Air Scanner Widget";
			sourceTree = "<group>";
		};
		CEEC64A72462F4790065DDA6 /* ui */ = {
			isa = PBXGroup;
			children = (
				713C6CCC248FB66E00707F69 /* login */,
				CEEC64AA2462F5190065DDA6 /* main */,
				CEEC64A82462F4FB0065DDA6 /* greeting */,
				CE7967AF24623DC2005CB691 /* map */,
				71DC9278248E619B0029BC2F /* Utils.swift */,
				713C6CD3248FBEB600707F69 /* LoadingIndicator.swift */,
				713D8B722490FE360026126F /* RemoteImage.swift */,
				713D8B742491035F0026126F /* ImageDownloader.swift */,
			);
			path = ui;
			sourceTree = "<group>";
		};
		CEEC64A82462F4FB0065DDA6 /* greeting */ = {
			isa = PBXGroup;
			children = (
				CE72FDCC2459AA9300279EB0 /* GreetingView.swift */,
			);
			path = greeting;
			sourceTree = "<group>";
		};
		CEEC64AA2462F5190065DDA6 /* main */ = {
			isa = PBXGroup;
			children = (
				CEF256CD245722AE00673749 /* MainView.swift */,
				713C6CCF248FB71200707F69 /* SettingsView.swift */,
				713C6CD1248FB71F00707F69 /* DevicesView.swift */,
			);
			path = main;
			sourceTree = "<group>";
		};
		CEF256BD245722AD00673749 = {
			isa = PBXGroup;
			children = (
				CEF256C8245722AE00673749 /* Air Scanner */,
				CE9E2F89247428D2006A11A1 /* Air Scanner Widget */,
				CEF256C7245722AE00673749 /* Products */,
				E7FD126B405E81443EA50DFC /* Pods */,
				06D6A322F742D0A410FD2007 /* Frameworks */,
			);
			sourceTree = "<group>";
		};
		CEF256C7245722AE00673749 /* Products */ = {
			isa = PBXGroup;
			children = (
				CEF256C6245722AE00673749 /* Air Scanner.app */,
				CE9E2F86247428D2006A11A1 /* Air Scanner Widget.appex */,
			);
			name = Products;
			sourceTree = "<group>";
		};
		CEF256C8245722AE00673749 /* Air Scanner */ = {
			isa = PBXGroup;
			children = (
				71DC927A248E72950029BC2F /* Extensions */,
				CEEC64A72462F4790065DDA6 /* ui */,
				CE72FDCB2459A4B300279EB0 /* gateway */,
				CE72FDCA2459A48F00279EB0 /* model */,
				CEF256C9245722AE00673749 /* AppDelegate.swift */,
				CEF256CB245722AE00673749 /* SceneDelegate.swift */,
				CEF256CF245722B100673749 /* Assets.xcassets */,
				CEF256D4245722B100673749 /* LaunchScreen.storyboard */,
				CEF256D7245722B100673749 /* Info.plist */,
				CE31048124605A6C00A92C6A /* GoogleService-Info.plist */,
				CEF256D1245722B100673749 /* Preview Content */,
				CEE47FC42464989100721641 /* AirScanner.Swift-Bridging-Header.h */,
			);
			path = "Air Scanner";
			sourceTree = "<group>";
		};
		CEF256D1245722B100673749 /* Preview Content */ = {
			isa = PBXGroup;
			children = (
				CEF256D2245722B100673749 /* Preview Assets.xcassets */,
			);
			path = "Preview Content";
			sourceTree = "<group>";
		};
		E7FD126B405E81443EA50DFC /* Pods */ = {
			isa = PBXGroup;
			children = (
				93C41B503AE102CA865F8A29 /* Pods-Air Scanner.debug.xcconfig */,
				FEA8BABED1E31475AFCC7A49 /* Pods-Air Scanner.release.xcconfig */,
			);
			path = Pods;
			sourceTree = "<group>";
		};
/* End PBXGroup section */

/* Begin PBXNativeTarget section */
		CE9E2F85247428D2006A11A1 /* Air Scanner Widget */ = {
			isa = PBXNativeTarget;
			buildConfigurationList = CE9E2F95247428D2006A11A1 /* Build configuration list for PBXNativeTarget "Air Scanner Widget" */;
			buildPhases = (
				CE9E2F82247428D2006A11A1 /* Sources */,
				CE9E2F83247428D2006A11A1 /* Frameworks */,
				CE9E2F84247428D2006A11A1 /* Resources */,
			);
			buildRules = (
			);
			dependencies = (
			);
			name = "Air Scanner Widget";
			productName = "Air Scanner Widget";
			productReference = CE9E2F86247428D2006A11A1 /* Air Scanner Widget.appex */;
			productType = "com.apple.product-type.app-extension";
		};
		CEF256C5245722AD00673749 /* Air Scanner */ = {
			isa = PBXNativeTarget;
			buildConfigurationList = CEF256DA245722B100673749 /* Build configuration list for PBXNativeTarget "Air Scanner" */;
			buildPhases = (
				CE4B795319C2D911E92A46CB /* [CP] Check Pods Manifest.lock */,
				CEF256C2245722AD00673749 /* Sources */,
				CEF256C3245722AD00673749 /* Frameworks */,
				CEF256C4245722AD00673749 /* Resources */,
				CEE47FC92464BC5000721641 /* Embed PlugIns */,
				BEE444F2BEBFD76F970D61AA /* [CP] Embed Pods Frameworks */,
				2B5DDB1F63B15246F0970CDB /* [CP] Copy Pods Resources */,
			);
			buildRules = (
			);
			dependencies = (
				CE9E2F91247428D2006A11A1 /* PBXTargetDependency */,
			);
			name = "Air Scanner";
			productName = "Air Scanner";
			productReference = CEF256C6245722AE00673749 /* Air Scanner.app */;
			productType = "com.apple.product-type.application";
		};
/* End PBXNativeTarget section */

/* Begin PBXProject section */
		CEF256BE245722AD00673749 /* Project object */ = {
			isa = PBXProject;
			attributes = {
				LastSwiftUpdateCheck = 1140;
				LastUpgradeCheck = 1140;
				ORGANIZATIONNAME = "Grid dynamics";
				TargetAttributes = {
					CE9E2F85247428D2006A11A1 = {
						CreatedOnToolsVersion = 11.4.1;
					};
					CEF256C5245722AD00673749 = {
						CreatedOnToolsVersion = 11.4.1;
					};
				};
			};
			buildConfigurationList = CEF256C1245722AD00673749 /* Build configuration list for PBXProject "Air Scanner" */;
			compatibilityVersion = "Xcode 9.3";
			developmentRegion = en;
			hasScannedForEncodings = 0;
			knownRegions = (
				en,
				Base,
			);
			mainGroup = CEF256BD245722AD00673749;
			productRefGroup = CEF256C7245722AE00673749 /* Products */;
			projectDirPath = "";
			projectRoot = "";
			targets = (
				CEF256C5245722AD00673749 /* Air Scanner */,
				CE9E2F85247428D2006A11A1 /* Air Scanner Widget */,
			);
		};
/* End PBXProject section */

/* Begin PBXResourcesBuildPhase section */
		CE9E2F84247428D2006A11A1 /* Resources */ = {
			isa = PBXResourcesBuildPhase;
			buildActionMask = 2147483647;
			files = (
				CE9E2F8E247428D2006A11A1 /* MainInterface.storyboard in Resources */,
			);
			runOnlyForDeploymentPostprocessing = 0;
		};
		CEF256C4245722AD00673749 /* Resources */ = {
			isa = PBXResourcesBuildPhase;
			buildActionMask = 2147483647;
			files = (
				CEF256D6245722B100673749 /* LaunchScreen.storyboard in Resources */,
				CE31048224605A6C00A92C6A /* GoogleService-Info.plist in Resources */,
				CEF256D3245722B100673749 /* Preview Assets.xcassets in Resources */,
				CEF256D0245722B100673749 /* Assets.xcassets in Resources */,
			);
			runOnlyForDeploymentPostprocessing = 0;
		};
/* End PBXResourcesBuildPhase section */

/* Begin PBXShellScriptBuildPhase section */
		2B5DDB1F63B15246F0970CDB /* [CP] Copy Pods Resources */ = {
			isa = PBXShellScriptBuildPhase;
			buildActionMask = 2147483647;
			files = (
			);
			inputFileListPaths = (
				"${PODS_ROOT}/Target Support Files/Pods-Air Scanner/Pods-Air Scanner-resources-${CONFIGURATION}-input-files.xcfilelist",
			);
			name = "[CP] Copy Pods Resources";
			outputFileListPaths = (
				"${PODS_ROOT}/Target Support Files/Pods-Air Scanner/Pods-Air Scanner-resources-${CONFIGURATION}-output-files.xcfilelist",
			);
			runOnlyForDeploymentPostprocessing = 0;
			shellPath = /bin/sh;
			shellScript = "\"${PODS_ROOT}/Target Support Files/Pods-Air Scanner/Pods-Air Scanner-resources.sh\"\n";
			showEnvVarsInLog = 0;
		};
		BEE444F2BEBFD76F970D61AA /* [CP] Embed Pods Frameworks */ = {
			isa = PBXShellScriptBuildPhase;
			buildActionMask = 2147483647;
			files = (
			);
			inputFileListPaths = (
				"${PODS_ROOT}/Target Support Files/Pods-Air Scanner/Pods-Air Scanner-frameworks-${CONFIGURATION}-input-files.xcfilelist",
			);
			name = "[CP] Embed Pods Frameworks";
			outputFileListPaths = (
				"${PODS_ROOT}/Target Support Files/Pods-Air Scanner/Pods-Air Scanner-frameworks-${CONFIGURATION}-output-files.xcfilelist",
			);
			runOnlyForDeploymentPostprocessing = 0;
			shellPath = /bin/sh;
			shellScript = "\"${PODS_ROOT}/Target Support Files/Pods-Air Scanner/Pods-Air Scanner-frameworks.sh\"\n";
			showEnvVarsInLog = 0;
		};
		CE4B795319C2D911E92A46CB /* [CP] Check Pods Manifest.lock */ = {
			isa = PBXShellScriptBuildPhase;
			buildActionMask = 2147483647;
			files = (
			);
			inputFileListPaths = (
			);
			inputPaths = (
				"${PODS_PODFILE_DIR_PATH}/Podfile.lock",
				"${PODS_ROOT}/Manifest.lock",
			);
			name = "[CP] Check Pods Manifest.lock";
			outputFileListPaths = (
			);
			outputPaths = (
				"$(DERIVED_FILE_DIR)/Pods-Air Scanner-checkManifestLockResult.txt",
			);
			runOnlyForDeploymentPostprocessing = 0;
			shellPath = /bin/sh;
			shellScript = "diff \"${PODS_PODFILE_DIR_PATH}/Podfile.lock\" \"${PODS_ROOT}/Manifest.lock\" > /dev/null\nif [ $? != 0 ] ; then\n    # print error to STDERR\n    echo \"error: The sandbox is not in sync with the Podfile.lock. Run 'pod install' or update your CocoaPods installation.\" >&2\n    exit 1\nfi\n# This output is used by Xcode 'outputs' to avoid re-running this script phase.\necho \"SUCCESS\" > \"${SCRIPT_OUTPUT_FILE_0}\"\n";
			showEnvVarsInLog = 0;
		};
/* End PBXShellScriptBuildPhase section */

/* Begin PBXSourcesBuildPhase section */
		CE9E2F82247428D2006A11A1 /* Sources */ = {
			isa = PBXSourcesBuildPhase;
			buildActionMask = 2147483647;
			files = (
				CE9E2F8B247428D2006A11A1 /* TodayViewController.swift in Sources */,
			);
			runOnlyForDeploymentPostprocessing = 0;
		};
		CEF256C2245722AD00673749 /* Sources */ = {
			isa = PBXSourcesBuildPhase;
			buildActionMask = 2147483647;
			files = (
				713D86B824979C77003D8B56 /* MapDevicesStorage.swift in Sources */,
				713C6CD0248FB71200707F69 /* SettingsView.swift in Sources */,
				CE72FDD8245A0E4800279EB0 /* NetworkGateway.swift in Sources */,
				CE7967B124623DD3005CB691 /* WhirlyGlobeMapView.swift in Sources */,
				CE803BE324615D1F00D5F869 /* LocalStorage.swift in Sources */,
				71090E9F2497C6D0007F969E /* FilterCell.swift in Sources */,
				71DC9279248E619B0029BC2F /* Utils.swift in Sources */,
				713C6CD4248FBEB600707F69 /* LoadingIndicator.swift in Sources */,
				CE9966ED245A221A006DAD5D /* AddDeviceResponse.swift in Sources */,
				CE72FDCF2459AAE100279EB0 /* AddDeviceRequest.swift in Sources */,
				713D86BA2497A0C3003D8B56 /* MapView.swift in Sources */,
				713D8B752491035F0026126F /* ImageDownloader.swift in Sources */,
				CE6670C92465AFA700C5E443 /* MapViewController.swift in Sources */,
				719B3D3C24977800003ABA9E /* PinView.swift in Sources */,
				713D8B732490FE360026126F /* RemoteImage.swift in Sources */,
				713D86B624979A8E003D8B56 /* Device.swift in Sources */,
				CEF256CA245722AE00673749 /* AppDelegate.swift in Sources */,
				713C6CCE248FB69100707F69 /* LoginView.swift in Sources */,
				713C6CD2248FB71F00707F69 /* DevicesView.swift in Sources */,
				71DC927C248E72A10029BC2F /* UIView+.swift in Sources */,
				CE803BE124615C9800D5F869 /* User.swift in Sources */,
				71090E9B2497AAFF007F969E /* LocationManager.swift in Sources */,
				CEF256CC245722AE00673749 /* SceneDelegate.swift in Sources */,
				CE72FDCD2459AA9300279EB0 /* GreetingView.swift in Sources */,
				CEF256CE245722AE00673749 /* MainView.swift in Sources */,
				71090E9D2497C40C007F969E /* FiltersView.swift in Sources */,
			);
			runOnlyForDeploymentPostprocessing = 0;
		};
/* End PBXSourcesBuildPhase section */

/* Begin PBXTargetDependency section */
		CE9E2F91247428D2006A11A1 /* PBXTargetDependency */ = {
			isa = PBXTargetDependency;
			target = CE9E2F85247428D2006A11A1 /* Air Scanner Widget */;
			targetProxy = CE9E2F90247428D2006A11A1 /* PBXContainerItemProxy */;
		};
/* End PBXTargetDependency section */

/* Begin PBXVariantGroup section */
		CE9E2F8C247428D2006A11A1 /* MainInterface.storyboard */ = {
			isa = PBXVariantGroup;
			children = (
				CE9E2F8D247428D2006A11A1 /* Base */,
			);
			name = MainInterface.storyboard;
			sourceTree = "<group>";
		};
		CEF256D4245722B100673749 /* LaunchScreen.storyboard */ = {
			isa = PBXVariantGroup;
			children = (
				CEF256D5245722B100673749 /* Base */,
			);
			name = LaunchScreen.storyboard;
			sourceTree = "<group>";
		};
/* End PBXVariantGroup section */

/* Begin XCBuildConfiguration section */
		CE9E2F93247428D2006A11A1 /* Debug */ = {
			isa = XCBuildConfiguration;
			buildSettings = {
				CODE_SIGN_STYLE = Automatic;
				DEVELOPMENT_TEAM = K6A4PB358T;
				INFOPLIST_FILE = "Air Scanner Widget/Info.plist";
				LD_RUNPATH_SEARCH_PATHS = (
					"$(inherited)",
					"@executable_path/Frameworks",
					"@executable_path/../../Frameworks",
				);
				PRODUCT_BUNDLE_IDENTIFIER = "com.griddynamics.connectedapps.Air-Scanner-Widget";
				PRODUCT_NAME = "$(TARGET_NAME)";
				SKIP_INSTALL = YES;
				SWIFT_VERSION = 5.0;
				TARGETED_DEVICE_FAMILY = "1,2";
			};
			name = Debug;
		};
		CE9E2F94247428D2006A11A1 /* Release */ = {
			isa = XCBuildConfiguration;
			buildSettings = {
				CODE_SIGN_STYLE = Automatic;
				DEVELOPMENT_TEAM = K6A4PB358T;
				INFOPLIST_FILE = "Air Scanner Widget/Info.plist";
				LD_RUNPATH_SEARCH_PATHS = (
					"$(inherited)",
					"@executable_path/Frameworks",
					"@executable_path/../../Frameworks",
				);
				PRODUCT_BUNDLE_IDENTIFIER = "com.griddynamics.connectedapps.Air-Scanner-Widget";
				PRODUCT_NAME = "$(TARGET_NAME)";
				SKIP_INSTALL = YES;
				SWIFT_VERSION = 5.0;
				TARGETED_DEVICE_FAMILY = "1,2";
			};
			name = Release;
		};
		CEF256D8245722B100673749 /* Debug */ = {
			isa = XCBuildConfiguration;
			buildSettings = {
				ALWAYS_SEARCH_USER_PATHS = NO;
				CLANG_ANALYZER_NONNULL = YES;
				CLANG_ANALYZER_NUMBER_OBJECT_CONVERSION = YES_AGGRESSIVE;
				CLANG_CXX_LANGUAGE_STANDARD = "gnu++14";
				CLANG_CXX_LIBRARY = "libc++";
				CLANG_ENABLE_MODULES = YES;
				CLANG_ENABLE_OBJC_ARC = YES;
				CLANG_ENABLE_OBJC_WEAK = YES;
				CLANG_WARN_BLOCK_CAPTURE_AUTORELEASING = YES;
				CLANG_WARN_BOOL_CONVERSION = YES;
				CLANG_WARN_COMMA = YES;
				CLANG_WARN_CONSTANT_CONVERSION = YES;
				CLANG_WARN_DEPRECATED_OBJC_IMPLEMENTATIONS = YES;
				CLANG_WARN_DIRECT_OBJC_ISA_USAGE = YES_ERROR;
				CLANG_WARN_DOCUMENTATION_COMMENTS = YES;
				CLANG_WARN_EMPTY_BODY = YES;
				CLANG_WARN_ENUM_CONVERSION = YES;
				CLANG_WARN_INFINITE_RECURSION = YES;
				CLANG_WARN_INT_CONVERSION = YES;
				CLANG_WARN_NON_LITERAL_NULL_CONVERSION = YES;
				CLANG_WARN_OBJC_IMPLICIT_RETAIN_SELF = YES;
				CLANG_WARN_OBJC_LITERAL_CONVERSION = YES;
				CLANG_WARN_OBJC_ROOT_CLASS = YES_ERROR;
				CLANG_WARN_RANGE_LOOP_ANALYSIS = YES;
				CLANG_WARN_STRICT_PROTOTYPES = YES;
				CLANG_WARN_SUSPICIOUS_MOVE = YES;
				CLANG_WARN_UNGUARDED_AVAILABILITY = YES_AGGRESSIVE;
				CLANG_WARN_UNREACHABLE_CODE = YES;
				CLANG_WARN__DUPLICATE_METHOD_MATCH = YES;
				COPY_PHASE_STRIP = NO;
				DEBUG_INFORMATION_FORMAT = dwarf;
				ENABLE_STRICT_OBJC_MSGSEND = YES;
				ENABLE_TESTABILITY = YES;
				GCC_C_LANGUAGE_STANDARD = gnu11;
				GCC_DYNAMIC_NO_PIC = NO;
				GCC_NO_COMMON_BLOCKS = YES;
				GCC_OPTIMIZATION_LEVEL = 0;
				GCC_PREPROCESSOR_DEFINITIONS = (
					"DEBUG=1",
					"$(inherited)",
				);
				GCC_WARN_64_TO_32_BIT_CONVERSION = YES;
				GCC_WARN_ABOUT_RETURN_TYPE = YES_ERROR;
				GCC_WARN_UNDECLARED_SELECTOR = YES;
				GCC_WARN_UNINITIALIZED_AUTOS = YES_AGGRESSIVE;
				GCC_WARN_UNUSED_FUNCTION = YES;
				GCC_WARN_UNUSED_VARIABLE = YES;
				IPHONEOS_DEPLOYMENT_TARGET = 13.4;
				MTL_ENABLE_DEBUG_INFO = INCLUDE_SOURCE;
				MTL_FAST_MATH = YES;
				ONLY_ACTIVE_ARCH = YES;
				SDKROOT = iphoneos;
				SWIFT_ACTIVE_COMPILATION_CONDITIONS = DEBUG;
				SWIFT_OPTIMIZATION_LEVEL = "-Onone";
			};
			name = Debug;
		};
		CEF256D9245722B100673749 /* Release */ = {
			isa = XCBuildConfiguration;
			buildSettings = {
				ALWAYS_SEARCH_USER_PATHS = NO;
				CLANG_ANALYZER_NONNULL = YES;
				CLANG_ANALYZER_NUMBER_OBJECT_CONVERSION = YES_AGGRESSIVE;
				CLANG_CXX_LANGUAGE_STANDARD = "gnu++14";
				CLANG_CXX_LIBRARY = "libc++";
				CLANG_ENABLE_MODULES = YES;
				CLANG_ENABLE_OBJC_ARC = YES;
				CLANG_ENABLE_OBJC_WEAK = YES;
				CLANG_WARN_BLOCK_CAPTURE_AUTORELEASING = YES;
				CLANG_WARN_BOOL_CONVERSION = YES;
				CLANG_WARN_COMMA = YES;
				CLANG_WARN_CONSTANT_CONVERSION = YES;
				CLANG_WARN_DEPRECATED_OBJC_IMPLEMENTATIONS = YES;
				CLANG_WARN_DIRECT_OBJC_ISA_USAGE = YES_ERROR;
				CLANG_WARN_DOCUMENTATION_COMMENTS = YES;
				CLANG_WARN_EMPTY_BODY = YES;
				CLANG_WARN_ENUM_CONVERSION = YES;
				CLANG_WARN_INFINITE_RECURSION = YES;
				CLANG_WARN_INT_CONVERSION = YES;
				CLANG_WARN_NON_LITERAL_NULL_CONVERSION = YES;
				CLANG_WARN_OBJC_IMPLICIT_RETAIN_SELF = YES;
				CLANG_WARN_OBJC_LITERAL_CONVERSION = YES;
				CLANG_WARN_OBJC_ROOT_CLASS = YES_ERROR;
				CLANG_WARN_RANGE_LOOP_ANALYSIS = YES;
				CLANG_WARN_STRICT_PROTOTYPES = YES;
				CLANG_WARN_SUSPICIOUS_MOVE = YES;
				CLANG_WARN_UNGUARDED_AVAILABILITY = YES_AGGRESSIVE;
				CLANG_WARN_UNREACHABLE_CODE = YES;
				CLANG_WARN__DUPLICATE_METHOD_MATCH = YES;
				COPY_PHASE_STRIP = NO;
				DEBUG_INFORMATION_FORMAT = "dwarf-with-dsym";
				ENABLE_NS_ASSERTIONS = NO;
				ENABLE_STRICT_OBJC_MSGSEND = YES;
				GCC_C_LANGUAGE_STANDARD = gnu11;
				GCC_NO_COMMON_BLOCKS = YES;
				GCC_WARN_64_TO_32_BIT_CONVERSION = YES;
				GCC_WARN_ABOUT_RETURN_TYPE = YES_ERROR;
				GCC_WARN_UNDECLARED_SELECTOR = YES;
				GCC_WARN_UNINITIALIZED_AUTOS = YES_AGGRESSIVE;
				GCC_WARN_UNUSED_FUNCTION = YES;
				GCC_WARN_UNUSED_VARIABLE = YES;
				IPHONEOS_DEPLOYMENT_TARGET = 13.4;
				MTL_ENABLE_DEBUG_INFO = NO;
				MTL_FAST_MATH = YES;
				SDKROOT = iphoneos;
				SWIFT_COMPILATION_MODE = wholemodule;
				SWIFT_OPTIMIZATION_LEVEL = "-O";
				VALIDATE_PRODUCT = YES;
			};
			name = Release;
		};
		CEF256DB245722B100673749 /* Debug */ = {
			isa = XCBuildConfiguration;
			baseConfigurationReference = 93C41B503AE102CA865F8A29 /* Pods-Air Scanner.debug.xcconfig */;
			buildSettings = {
				ALWAYS_EMBED_SWIFT_STANDARD_LIBRARIES = YES;
				ASSETCATALOG_COMPILER_APPICON_NAME = AppIcon;
				CODE_SIGN_STYLE = Automatic;
				DEVELOPMENT_ASSET_PATHS = "\"Air Scanner/Preview Content\"";
				DEVELOPMENT_TEAM = K6A4PB358T;
				ENABLE_PREVIEWS = YES;
				FRAMEWORK_SEARCH_PATHS = (
					"$(inherited)",
					"$(PROJECT_DIR)",
				);
				INFOPLIST_FILE = "Air Scanner/Info.plist";
				LD_RUNPATH_SEARCH_PATHS = (
					"$(inherited)",
					"@executable_path/Frameworks",
				);
				LIBRARY_SEARCH_PATHS = (
					"$(inherited)",
					"$(SDKROOT)/usr/lib/swift",
				);
				PRODUCT_BUNDLE_IDENTIFIER = com.griddynamics.connectedapps;
				PRODUCT_NAME = "$(TARGET_NAME)";
				SWIFT_VERSION = 5.0;
				TARGETED_DEVICE_FAMILY = "1,2";
			};
			name = Debug;
		};
		CEF256DC245722B100673749 /* Release */ = {
			isa = XCBuildConfiguration;
			baseConfigurationReference = FEA8BABED1E31475AFCC7A49 /* Pods-Air Scanner.release.xcconfig */;
			buildSettings = {
				ALWAYS_EMBED_SWIFT_STANDARD_LIBRARIES = YES;
				ASSETCATALOG_COMPILER_APPICON_NAME = AppIcon;
				CODE_SIGN_STYLE = Automatic;
				DEVELOPMENT_ASSET_PATHS = "\"Air Scanner/Preview Content\"";
				DEVELOPMENT_TEAM = K6A4PB358T;
				ENABLE_PREVIEWS = YES;
				FRAMEWORK_SEARCH_PATHS = (
					"$(inherited)",
					"$(PROJECT_DIR)",
				);
				INFOPLIST_FILE = "Air Scanner/Info.plist";
				LD_RUNPATH_SEARCH_PATHS = (
					"$(inherited)",
					"@executable_path/Frameworks",
				);
				LIBRARY_SEARCH_PATHS = (
					"$(inherited)",
					"$(SDKROOT)/usr/lib/swift",
				);
				PRODUCT_BUNDLE_IDENTIFIER = com.griddynamics.connectedapps;
				PRODUCT_NAME = "$(TARGET_NAME)";
				SWIFT_VERSION = 5.0;
				TARGETED_DEVICE_FAMILY = "1,2";
			};
			name = Release;
		};
/* End XCBuildConfiguration section */

/* Begin XCConfigurationList section */
		CE9E2F95247428D2006A11A1 /* Build configuration list for PBXNativeTarget "Air Scanner Widget" */ = {
			isa = XCConfigurationList;
			buildConfigurations = (
				CE9E2F93247428D2006A11A1 /* Debug */,
				CE9E2F94247428D2006A11A1 /* Release */,
			);
			defaultConfigurationIsVisible = 0;
			defaultConfigurationName = Release;
		};
		CEF256C1245722AD00673749 /* Build configuration list for PBXProject "Air Scanner" */ = {
			isa = XCConfigurationList;
			buildConfigurations = (
				CEF256D8245722B100673749 /* Debug */,
				CEF256D9245722B100673749 /* Release */,
			);
			defaultConfigurationIsVisible = 0;
			defaultConfigurationName = Release;
		};
		CEF256DA245722B100673749 /* Build configuration list for PBXNativeTarget "Air Scanner" */ = {
			isa = XCConfigurationList;
			buildConfigurations = (
				CEF256DB245722B100673749 /* Debug */,
				CEF256DC245722B100673749 /* Release */,
			);
			defaultConfigurationIsVisible = 0;
			defaultConfigurationName = Release;
		};
/* End XCConfigurationList section */
	};
	rootObject = CEF256BE245722AD00673749 /* Project object */;
}
