// !$*UTF8*$!
{
	archiveVersion = 1;
	classes = {
	};
	objectVersion = 51;
	objects = {

/* Begin PBXBuildFile section */
		A475E8198460B4C3FF71206B /* libPods-Air Scanner.a in Frameworks */ = {isa = PBXBuildFile; fileRef = 26F6370A44F7FFF07B14FCFE /* libPods-Air Scanner.a */; };
		CE72FDCD2459AA9300279EB0 /* GreetingView.swift in Sources */ = {isa = PBXBuildFile; fileRef = CE72FDCC2459AA9300279EB0 /* GreetingView.swift */; };
		CE72FDCF2459AAE100279EB0 /* AddDeviceRequest.swift in Sources */ = {isa = PBXBuildFile; fileRef = CE72FDCE2459AAE100279EB0 /* AddDeviceRequest.swift */; };
		CE72FDD32459B3B900279EB0 /* SignInView.swift in Sources */ = {isa = PBXBuildFile; fileRef = CE72FDD22459B3B900279EB0 /* SignInView.swift */; };
		CE72FDD8245A0E4800279EB0 /* NetworkGateway.swift in Sources */ = {isa = PBXBuildFile; fileRef = CE72FDD7245A0E4800279EB0 /* NetworkGateway.swift */; };
		CE9966ED245A221A006DAD5D /* AddDeviceResponse.swift in Sources */ = {isa = PBXBuildFile; fileRef = CE9966EC245A221A006DAD5D /* AddDeviceResponse.swift */; };
		CEF256CA245722AE00673749 /* AppDelegate.swift in Sources */ = {isa = PBXBuildFile; fileRef = CEF256C9245722AE00673749 /* AppDelegate.swift */; };
		CEF256CC245722AE00673749 /* SceneDelegate.swift in Sources */ = {isa = PBXBuildFile; fileRef = CEF256CB245722AE00673749 /* SceneDelegate.swift */; };
		CEF256CE245722AE00673749 /* ContentView.swift in Sources */ = {isa = PBXBuildFile; fileRef = CEF256CD245722AE00673749 /* ContentView.swift */; };
		CEF256D0245722B100673749 /* Assets.xcassets in Resources */ = {isa = PBXBuildFile; fileRef = CEF256CF245722B100673749 /* Assets.xcassets */; };
		CEF256D3245722B100673749 /* Preview Assets.xcassets in Resources */ = {isa = PBXBuildFile; fileRef = CEF256D2245722B100673749 /* Preview Assets.xcassets */; };
		CEF256D6245722B100673749 /* LaunchScreen.storyboard in Resources */ = {isa = PBXBuildFile; fileRef = CEF256D4245722B100673749 /* LaunchScreen.storyboard */; };
/* End PBXBuildFile section */

/* Begin PBXFileReference section */
		26F6370A44F7FFF07B14FCFE /* libPods-Air Scanner.a */ = {isa = PBXFileReference; explicitFileType = archive.ar; includeInIndex = 0; path = "libPods-Air Scanner.a"; sourceTree = BUILT_PRODUCTS_DIR; };
		2BD4F5122FE56BA676D863DC /* Pods-Air Scanner.debug.xcconfig */ = {isa = PBXFileReference; includeInIndex = 1; lastKnownFileType = text.xcconfig; name = "Pods-Air Scanner.debug.xcconfig"; path = "Target Support Files/Pods-Air Scanner/Pods-Air Scanner.debug.xcconfig"; sourceTree = "<group>"; };
		CE72FDCC2459AA9300279EB0 /* GreetingView.swift */ = {isa = PBXFileReference; lastKnownFileType = sourcecode.swift; path = GreetingView.swift; sourceTree = "<group>"; };
		CE72FDCE2459AAE100279EB0 /* AddDeviceRequest.swift */ = {isa = PBXFileReference; lastKnownFileType = sourcecode.swift; path = AddDeviceRequest.swift; sourceTree = "<group>"; };
		CE72FDD22459B3B900279EB0 /* SignInView.swift */ = {isa = PBXFileReference; lastKnownFileType = sourcecode.swift; path = SignInView.swift; sourceTree = "<group>"; };
		CE72FDD7245A0E4800279EB0 /* NetworkGateway.swift */ = {isa = PBXFileReference; lastKnownFileType = sourcecode.swift; path = NetworkGateway.swift; sourceTree = "<group>"; };
		CE9966EC245A221A006DAD5D /* AddDeviceResponse.swift */ = {isa = PBXFileReference; lastKnownFileType = sourcecode.swift; path = AddDeviceResponse.swift; sourceTree = "<group>"; };
		CEF256C6245722AE00673749 /* Air Scanner.app */ = {isa = PBXFileReference; explicitFileType = wrapper.application; includeInIndex = 0; path = "Air Scanner.app"; sourceTree = BUILT_PRODUCTS_DIR; };
		CEF256C9245722AE00673749 /* AppDelegate.swift */ = {isa = PBXFileReference; lastKnownFileType = sourcecode.swift; path = AppDelegate.swift; sourceTree = "<group>"; };
		CEF256CB245722AE00673749 /* SceneDelegate.swift */ = {isa = PBXFileReference; lastKnownFileType = sourcecode.swift; path = SceneDelegate.swift; sourceTree = "<group>"; };
		CEF256CD245722AE00673749 /* ContentView.swift */ = {isa = PBXFileReference; lastKnownFileType = sourcecode.swift; path = ContentView.swift; sourceTree = "<group>"; };
		CEF256CF245722B100673749 /* Assets.xcassets */ = {isa = PBXFileReference; lastKnownFileType = folder.assetcatalog; path = Assets.xcassets; sourceTree = "<group>"; };
		CEF256D2245722B100673749 /* Preview Assets.xcassets */ = {isa = PBXFileReference; lastKnownFileType = folder.assetcatalog; path = "Preview Assets.xcassets"; sourceTree = "<group>"; };
		CEF256D5245722B100673749 /* Base */ = {isa = PBXFileReference; lastKnownFileType = file.storyboard; name = Base; path = Base.lproj/LaunchScreen.storyboard; sourceTree = "<group>"; };
		CEF256D7245722B100673749 /* Info.plist */ = {isa = PBXFileReference; lastKnownFileType = text.plist.xml; path = Info.plist; sourceTree = "<group>"; };
		DE53FB64407B12DDF69E6EB9 /* Pods-Air Scanner.release.xcconfig */ = {isa = PBXFileReference; includeInIndex = 1; lastKnownFileType = text.xcconfig; name = "Pods-Air Scanner.release.xcconfig"; path = "Target Support Files/Pods-Air Scanner/Pods-Air Scanner.release.xcconfig"; sourceTree = "<group>"; };
/* End PBXFileReference section */

/* Begin PBXFrameworksBuildPhase section */
		CEF256C3245722AD00673749 /* Frameworks */ = {
			isa = PBXFrameworksBuildPhase;
			buildActionMask = 2147483647;
			files = (
				A475E8198460B4C3FF71206B /* libPods-Air Scanner.a in Frameworks */,
			);
			runOnlyForDeploymentPostprocessing = 0;
		};
/* End PBXFrameworksBuildPhase section */

/* Begin PBXGroup section */
		CE72FDCA2459A48F00279EB0 /* model */ = {
			isa = PBXGroup;
			children = (
				CE72FDCE2459AAE100279EB0 /* AddDeviceRequest.swift */,
				CE9966EC245A221A006DAD5D /* AddDeviceResponse.swift */,
			);
			path = model;
			sourceTree = "<group>";
		};
		CE72FDCB2459A4B300279EB0 /* gateway */ = {
			isa = PBXGroup;
			children = (
				CE72FDD7245A0E4800279EB0 /* NetworkGateway.swift */,
			);
			path = gateway;
			sourceTree = "<group>";
		};
		CEF256BD245722AD00673749 = {
			isa = PBXGroup;
			children = (
				CEF256C8245722AE00673749 /* Air Scanner */,
				CEF256C7245722AE00673749 /* Products */,
				E7FD126B405E81443EA50DFC /* Pods */,
				FD2FE74B17588C3C4F53028C /* Frameworks */,
			);
			sourceTree = "<group>";
		};
		CEF256C7245722AE00673749 /* Products */ = {
			isa = PBXGroup;
			children = (
				CEF256C6245722AE00673749 /* Air Scanner.app */,
			);
			name = Products;
			sourceTree = "<group>";
		};
		CEF256C8245722AE00673749 /* Air Scanner */ = {
			isa = PBXGroup;
			children = (
				CE72FDCB2459A4B300279EB0 /* gateway */,
				CE72FDCA2459A48F00279EB0 /* model */,
				CEF256C9245722AE00673749 /* AppDelegate.swift */,
				CEF256CB245722AE00673749 /* SceneDelegate.swift */,
				CEF256CD245722AE00673749 /* ContentView.swift */,
				CEF256CF245722B100673749 /* Assets.xcassets */,
				CEF256D4245722B100673749 /* LaunchScreen.storyboard */,
				CEF256D7245722B100673749 /* Info.plist */,
				CEF256D1245722B100673749 /* Preview Content */,
				CE72FDCC2459AA9300279EB0 /* GreetingView.swift */,
				CE72FDD22459B3B900279EB0 /* SignInView.swift */,
			);
			path = "Air Scanner";
			sourceTree = "<group>";
		};
		CEF256D1245722B100673749 /* Preview Content */ = {
			isa = PBXGroup;
			children = (
				CEF256D2245722B100673749 /* Preview Assets.xcassets */,
			);
			path = "Preview Content";
			sourceTree = "<group>";
		};
		E7FD126B405E81443EA50DFC /* Pods */ = {
			isa = PBXGroup;
			children = (
				2BD4F5122FE56BA676D863DC /* Pods-Air Scanner.debug.xcconfig */,
				DE53FB64407B12DDF69E6EB9 /* Pods-Air Scanner.release.xcconfig */,
			);
			path = Pods;
			sourceTree = "<group>";
		};
		FD2FE74B17588C3C4F53028C /* Frameworks */ = {
			isa = PBXGroup;
			children = (
				26F6370A44F7FFF07B14FCFE /* libPods-Air Scanner.a */,
			);
			name = Frameworks;
			sourceTree = "<group>";
		};
/* End PBXGroup section */

/* Begin PBXNativeTarget section */
		CEF256C5245722AD00673749 /* Air Scanner */ = {
			isa = PBXNativeTarget;
			buildConfigurationList = CEF256DA245722B100673749 /* Build configuration list for PBXNativeTarget "Air Scanner" */;
			buildPhases = (
				BC4C54AE4C402ACD640978DA /* [CP] Check Pods Manifest.lock */,
				CEF256C2245722AD00673749 /* Sources */,
				CEF256C3245722AD00673749 /* Frameworks */,
				CEF256C4245722AD00673749 /* Resources */,
				656B68ADAB0C08A8783A95AA /* [CP] Copy Pods Resources */,
			);
			buildRules = (
			);
			dependencies = (
			);
			name = "Air Scanner";
			productName = "Air Scanner";
			productReference = CEF256C6245722AE00673749 /* Air Scanner.app */;
			productType = "com.apple.product-type.application";
		};
/* End PBXNativeTarget section */

/* Begin PBXProject section */
		CEF256BE245722AD00673749 /* Project object */ = {
			isa = PBXProject;
			attributes = {
				LastSwiftUpdateCheck = 1140;
				LastUpgradeCheck = 1140;
				ORGANIZATIONNAME = "Grid dynamics";
				TargetAttributes = {
					CEF256C5245722AD00673749 = {
						CreatedOnToolsVersion = 11.4.1;
					};
				};
			};
			buildConfigurationList = CEF256C1245722AD00673749 /* Build configuration list for PBXProject "Air Scanner" */;
			compatibilityVersion = "Xcode 9.3";
			developmentRegion = en;
			hasScannedForEncodings = 0;
			knownRegions = (
				en,
				Base,
			);
			mainGroup = CEF256BD245722AD00673749;
			productRefGroup = CEF256C7245722AE00673749 /* Products */;
			projectDirPath = "";
			projectRoot = "";
			targets = (
				CEF256C5245722AD00673749 /* Air Scanner */,
			);
		};
/* End PBXProject section */

/* Begin PBXResourcesBuildPhase section */
		CEF256C4245722AD00673749 /* Resources */ = {
			isa = PBXResourcesBuildPhase;
			buildActionMask = 2147483647;
			files = (
				CEF256D6245722B100673749 /* LaunchScreen.storyboard in Resources */,
				CEF256D3245722B100673749 /* Preview Assets.xcassets in Resources */,
				CEF256D0245722B100673749 /* Assets.xcassets in Resources */,
			);
			runOnlyForDeploymentPostprocessing = 0;
		};
/* End PBXResourcesBuildPhase section */

/* Begin PBXShellScriptBuildPhase section */
		656B68ADAB0C08A8783A95AA /* [CP] Copy Pods Resources */ = {
			isa = PBXShellScriptBuildPhase;
			buildActionMask = 2147483647;
			files = (
			);
			inputFileListPaths = (
				"${PODS_ROOT}/Target Support Files/Pods-Air Scanner/Pods-Air Scanner-resources-${CONFIGURATION}-input-files.xcfilelist",
			);
			name = "[CP] Copy Pods Resources";
			outputFileListPaths = (
				"${PODS_ROOT}/Target Support Files/Pods-Air Scanner/Pods-Air Scanner-resources-${CONFIGURATION}-output-files.xcfilelist",
			);
			runOnlyForDeploymentPostprocessing = 0;
			shellPath = /bin/sh;
			shellScript = "\"${PODS_ROOT}/Target Support Files/Pods-Air Scanner/Pods-Air Scanner-resources.sh\"\n";
			showEnvVarsInLog = 0;
		};
		BC4C54AE4C402ACD640978DA /* [CP] Check Pods Manifest.lock */ = {
			isa = PBXShellScriptBuildPhase;
			buildActionMask = 2147483647;
			files = (
			);
			inputFileListPaths = (
			);
			inputPaths = (
				"${PODS_PODFILE_DIR_PATH}/Podfile.lock",
				"${PODS_ROOT}/Manifest.lock",
			);
			name = "[CP] Check Pods Manifest.lock";
			outputFileListPaths = (
			);
			outputPaths = (
				"$(DERIVED_FILE_DIR)/Pods-Air Scanner-checkManifestLockResult.txt",
			);
			runOnlyForDeploymentPostprocessing = 0;
			shellPath = /bin/sh;
			shellScript = "diff \"${PODS_PODFILE_DIR_PATH}/Podfile.lock\" \"${PODS_ROOT}/Manifest.lock\" > /dev/null\nif [ $? != 0 ] ; then\n    # print error to STDERR\n    echo \"error: The sandbox is not in sync with the Podfile.lock. Run 'pod install' or update your CocoaPods installation.\" >&2\n    exit 1\nfi\n# This output is used by Xcode 'outputs' to avoid re-running this script phase.\necho \"SUCCESS\" > \"${SCRIPT_OUTPUT_FILE_0}\"\n";
			showEnvVarsInLog = 0;
		};
/* End PBXShellScriptBuildPhase section */

/* Begin PBXSourcesBuildPhase section */
		CEF256C2245722AD00673749 /* Sources */ = {
			isa = PBXSourcesBuildPhase;
			buildActionMask = 2147483647;
			files = (
				CE72FDD8245A0E4800279EB0 /* NetworkGateway.swift in Sources */,
				CE72FDD32459B3B900279EB0 /* SignInView.swift in Sources */,
				CE9966ED245A221A006DAD5D /* AddDeviceResponse.swift in Sources */,
				CE72FDCF2459AAE100279EB0 /* AddDeviceRequest.swift in Sources */,
				CEF256CA245722AE00673749 /* AppDelegate.swift in Sources */,
				CEF256CC245722AE00673749 /* SceneDelegate.swift in Sources */,
				CE72FDCD2459AA9300279EB0 /* GreetingView.swift in Sources */,
				CEF256CE245722AE00673749 /* ContentView.swift in Sources */,
			);
			runOnlyForDeploymentPostprocessing = 0;
		};
/* End PBXSourcesBuildPhase section */

/* Begin PBXVariantGroup section */
		CEF256D4245722B100673749 /* LaunchScreen.storyboard */ = {
			isa = PBXVariantGroup;
			children = (
				CEF256D5245722B100673749 /* Base */,
			);
			name = LaunchScreen.storyboard;
			sourceTree = "<group>";
		};
/* End PBXVariantGroup section */

/* Begin XCBuildConfiguration section */
		CEF256D8245722B100673749 /* Debug */ = {
			isa = XCBuildConfiguration;
			buildSettings = {
				ALWAYS_SEARCH_USER_PATHS = NO;
				CLANG_ANALYZER_NONNULL = YES;
				CLANG_ANALYZER_NUMBER_OBJECT_CONVERSION = YES_AGGRESSIVE;
				CLANG_CXX_LANGUAGE_STANDARD = "gnu++14";
				CLANG_CXX_LIBRARY = "libc++";
				CLANG_ENABLE_MODULES = YES;
				CLANG_ENABLE_OBJC_ARC = YES;
				CLANG_ENABLE_OBJC_WEAK = YES;
				CLANG_WARN_BLOCK_CAPTURE_AUTORELEASING = YES;
				CLANG_WARN_BOOL_CONVERSION = YES;
				CLANG_WARN_COMMA = YES;
				CLANG_WARN_CONSTANT_CONVERSION = YES;
				CLANG_WARN_DEPRECATED_OBJC_IMPLEMENTATIONS = YES;
				CLANG_WARN_DIRECT_OBJC_ISA_USAGE = YES_ERROR;
				CLANG_WARN_DOCUMENTATION_COMMENTS = YES;
				CLANG_WARN_EMPTY_BODY = YES;
				CLANG_WARN_ENUM_CONVERSION = YES;
				CLANG_WARN_INFINITE_RECURSION = YES;
				CLANG_WARN_INT_CONVERSION = YES;
				CLANG_WARN_NON_LITERAL_NULL_CONVERSION = YES;
				CLANG_WARN_OBJC_IMPLICIT_RETAIN_SELF = YES;
				CLANG_WARN_OBJC_LITERAL_CONVERSION = YES;
				CLANG_WARN_OBJC_ROOT_CLASS = YES_ERROR;
				CLANG_WARN_RANGE_LOOP_ANALYSIS = YES;
				CLANG_WARN_STRICT_PROTOTYPES = YES;
				CLANG_WARN_SUSPICIOUS_MOVE = YES;
				CLANG_WARN_UNGUARDED_AVAILABILITY = YES_AGGRESSIVE;
				CLANG_WARN_UNREACHABLE_CODE = YES;
				CLANG_WARN__DUPLICATE_METHOD_MATCH = YES;
				COPY_PHASE_STRIP = NO;
				DEBUG_INFORMATION_FORMAT = dwarf;
				ENABLE_STRICT_OBJC_MSGSEND = YES;
				ENABLE_TESTABILITY = YES;
				GCC_C_LANGUAGE_STANDARD = gnu11;
				GCC_DYNAMIC_NO_PIC = NO;
				GCC_NO_COMMON_BLOCKS = YES;
				GCC_OPTIMIZATION_LEVEL = 0;
				GCC_PREPROCESSOR_DEFINITIONS = (
					"DEBUG=1",
					"$(inherited)",
				);
				GCC_WARN_64_TO_32_BIT_CONVERSION = YES;
				GCC_WARN_ABOUT_RETURN_TYPE = YES_ERROR;
				GCC_WARN_UNDECLARED_SELECTOR = YES;
				GCC_WARN_UNINITIALIZED_AUTOS = YES_AGGRESSIVE;
				GCC_WARN_UNUSED_FUNCTION = YES;
				GCC_WARN_UNUSED_VARIABLE = YES;
				IPHONEOS_DEPLOYMENT_TARGET = 13.4;
				MTL_ENABLE_DEBUG_INFO = INCLUDE_SOURCE;
				MTL_FAST_MATH = YES;
				ONLY_ACTIVE_ARCH = YES;
				SDKROOT = iphoneos;
				SWIFT_ACTIVE_COMPILATION_CONDITIONS = DEBUG;
				SWIFT_OPTIMIZATION_LEVEL = "-Onone";
			};
			name = Debug;
		};
		CEF256D9245722B100673749 /* Release */ = {
			isa = XCBuildConfiguration;
			buildSettings = {
				ALWAYS_SEARCH_USER_PATHS = NO;
				CLANG_ANALYZER_NONNULL = YES;
				CLANG_ANALYZER_NUMBER_OBJECT_CONVERSION = YES_AGGRESSIVE;
				CLANG_CXX_LANGUAGE_STANDARD = "gnu++14";
				CLANG_CXX_LIBRARY = "libc++";
				CLANG_ENABLE_MODULES = YES;
				CLANG_ENABLE_OBJC_ARC = YES;
				CLANG_ENABLE_OBJC_WEAK = YES;
				CLANG_WARN_BLOCK_CAPTURE_AUTORELEASING = YES;
				CLANG_WARN_BOOL_CONVERSION = YES;
				CLANG_WARN_COMMA = YES;
				CLANG_WARN_CONSTANT_CONVERSION = YES;
				CLANG_WARN_DEPRECATED_OBJC_IMPLEMENTATIONS = YES;
				CLANG_WARN_DIRECT_OBJC_ISA_USAGE = YES_ERROR;
				CLANG_WARN_DOCUMENTATION_COMMENTS = YES;
				CLANG_WARN_EMPTY_BODY = YES;
				CLANG_WARN_ENUM_CONVERSION = YES;
				CLANG_WARN_INFINITE_RECURSION = YES;
				CLANG_WARN_INT_CONVERSION = YES;
				CLANG_WARN_NON_LITERAL_NULL_CONVERSION = YES;
				CLANG_WARN_OBJC_IMPLICIT_RETAIN_SELF = YES;
				CLANG_WARN_OBJC_LITERAL_CONVERSION = YES;
				CLANG_WARN_OBJC_ROOT_CLASS = YES_ERROR;
				CLANG_WARN_RANGE_LOOP_ANALYSIS = YES;
				CLANG_WARN_STRICT_PROTOTYPES = YES;
				CLANG_WARN_SUSPICIOUS_MOVE = YES;
				CLANG_WARN_UNGUARDED_AVAILABILITY = YES_AGGRESSIVE;
				CLANG_WARN_UNREACHABLE_CODE = YES;
				CLANG_WARN__DUPLICATE_METHOD_MATCH = YES;
				COPY_PHASE_STRIP = NO;
				DEBUG_INFORMATION_FORMAT = "dwarf-with-dsym";
				ENABLE_NS_ASSERTIONS = NO;
				ENABLE_STRICT_OBJC_MSGSEND = YES;
				GCC_C_LANGUAGE_STANDARD = gnu11;
				GCC_NO_COMMON_BLOCKS = YES;
				GCC_WARN_64_TO_32_BIT_CONVERSION = YES;
				GCC_WARN_ABOUT_RETURN_TYPE = YES_ERROR;
				GCC_WARN_UNDECLARED_SELECTOR = YES;
				GCC_WARN_UNINITIALIZED_AUTOS = YES_AGGRESSIVE;
				GCC_WARN_UNUSED_FUNCTION = YES;
				GCC_WARN_UNUSED_VARIABLE = YES;
				IPHONEOS_DEPLOYMENT_TARGET = 13.4;
				MTL_ENABLE_DEBUG_INFO = NO;
				MTL_FAST_MATH = YES;
				SDKROOT = iphoneos;
				SWIFT_COMPILATION_MODE = wholemodule;
				SWIFT_OPTIMIZATION_LEVEL = "-O";
				VALIDATE_PRODUCT = YES;
			};
			name = Release;
		};
		CEF256DB245722B100673749 /* Debug */ = {
			isa = XCBuildConfiguration;
			baseConfigurationReference = 2BD4F5122FE56BA676D863DC /* Pods-Air Scanner.debug.xcconfig */;
			buildSettings = {
				ASSETCATALOG_COMPILER_APPICON_NAME = AppIcon;
				CODE_SIGN_STYLE = Automatic;
				DEVELOPMENT_ASSET_PATHS = "\"Air Scanner/Preview Content\"";
				ENABLE_PREVIEWS = YES;
				INFOPLIST_FILE = "Air Scanner/Info.plist";
				LD_RUNPATH_SEARCH_PATHS = (
					"$(inherited)",
					"@executable_path/Frameworks",
				);
				PRODUCT_BUNDLE_IDENTIFIER = "com.griddynamics.Air-Scanner";
				PRODUCT_NAME = "$(TARGET_NAME)";
				SWIFT_VERSION = 5.0;
				TARGETED_DEVICE_FAMILY = "1,2";
			};
			name = Debug;
		};
		CEF256DC245722B100673749 /* Release */ = {
			isa = XCBuildConfiguration;
			baseConfigurationReference = DE53FB64407B12DDF69E6EB9 /* Pods-Air Scanner.release.xcconfig */;
			buildSettings = {
				ASSETCATALOG_COMPILER_APPICON_NAME = AppIcon;
				CODE_SIGN_STYLE = Automatic;
				DEVELOPMENT_ASSET_PATHS = "\"Air Scanner/Preview Content\"";
				ENABLE_PREVIEWS = YES;
				INFOPLIST_FILE = "Air Scanner/Info.plist";
				LD_RUNPATH_SEARCH_PATHS = (
					"$(inherited)",
					"@executable_path/Frameworks",
				);
				PRODUCT_BUNDLE_IDENTIFIER = "com.griddynamics.Air-Scanner";
				PRODUCT_NAME = "$(TARGET_NAME)";
				SWIFT_VERSION = 5.0;
				TARGETED_DEVICE_FAMILY = "1,2";
			};
			name = Release;
		};
/* End XCBuildConfiguration section */

/* Begin XCConfigurationList section */
		CEF256C1245722AD00673749 /* Build configuration list for PBXProject "Air Scanner" */ = {
			isa = XCConfigurationList;
			buildConfigurations = (
				CEF256D8245722B100673749 /* Debug */,
				CEF256D9245722B100673749 /* Release */,
			);
			defaultConfigurationIsVisible = 0;
			defaultConfigurationName = Release;
		};
		CEF256DA245722B100673749 /* Build configuration list for PBXNativeTarget "Air Scanner" */ = {
			isa = XCConfigurationList;
			buildConfigurations = (
				CEF256DB245722B100673749 /* Debug */,
				CEF256DC245722B100673749 /* Release */,
			);
			defaultConfigurationIsVisible = 0;
			defaultConfigurationName = Release;
		};
/* End XCConfigurationList section */
	};
	rootObject = CEF256BE245722AD00673749 /* Project object */;
}
